
Microsoft Visual Studio Solution File, Format Version 12.00
# Visual Studio 15
VisualStudioVersion = 15.0.28010.2046
MinimumVisualStudioVersion = 10.0.40219.1
Project("{FAE04EC0-301F-11D3-BF4B-00C04F79EFBC}") = "AutoShop", "AutoShop.csproj", "{A1C5B389-F74A-4A41-B337-C8000A4FFE77}"
EndProject
Global
	GlobalSection(SolutionConfigurationPlatforms) = preSolution
		Debug|Any CPU = Debug|Any CPU
		Release|Any CPU = Release|Any CPU
	EndGlobalSection
	GlobalSection(ProjectConfigurationPlatforms) = postSolution
		{A1C5B389-F74A-4A41-B337-C8000A4FFE77}.Debug|Any CPU.ActiveCfg = Debug|Any CPU
		{A1C5B389-F74A-4A41-B337-C8000A4FFE77}.Debug|Any CPU.Build.0 = Debug|Any CPU
		{A1C5B389-F74A-4A41-B337-C8000A4FFE77}.Release|Any CPU.ActiveCfg = Release|Any CPU
		{A1C5B389-F74A-4A41-B337-C8000A4FFE77}.Release|Any CPU.Build.0 = Release|Any CPU
	EndGlobalSection
	GlobalSection(SolutionProperties) = preSolution
		HideSolutionNode = FALSE
	EndGlobalSection
	GlobalSection(ExtensibilityGlobals) = postSolution
		SolutionGuid = {0DEF687E-7F16-4DB7-82EE-ABA34C16F496}
	EndGlobalSection
EndGlobal
